
Microsoft Visual Studio Solution File, Format Version 12.00
# Visual Studio Version 17
VisualStudioVersion = 17.0.32002.185
MinimumVisualStudioVersion = 10.0.40219.1
Project("{2150E333-8FDC-42A3-9474-1A3956D46DE8}") = "Solution Items", "Solution Items", "{E5C5D2B9-639B-48CF-B5B0-E44FD7F24B1E}"
	ProjectSection(SolutionItems) = preProject
		..\.gitattributes = ..\.gitattributes
		..\.gitignore = ..\.gitignore
		..\LICENSE = ..\LICENSE
	EndProjectSection
EndProject
Project("{2150E333-8FDC-42A3-9474-1A3956D46DE8}") = ".github", ".github", "{E64D67E6-C2B6-471C-990D-2E9A91427B64}"
EndProject
Project("{2150E333-8FDC-42A3-9474-1A3956D46DE8}") = "workflows", "workflows", "{1960DCD1-3C51-48FF-BFF8-5FE4C3CBABB2}"
	ProjectSection(SolutionItems) = preProject
		..\.github\workflows\discord.yml = ..\.github\workflows\discord.yml
		..\.github\workflows\release.yml = ..\.github\workflows\release.yml
	EndProjectSection
EndProject
Project("{2150E333-8FDC-42A3-9474-1A3956D46DE8}") = "docs", "docs", "{28344659-BF34-4411-9C48-A3D5C9AFA98E}"
	ProjectSection(SolutionItems) = preProject
		..\docs\README.md = ..\docs\README.md
	EndProjectSection
EndProject
Project("{2150E333-8FDC-42A3-9474-1A3956D46DE8}") = "ico", "ico", "{C66A8E3B-31DB-4296-9DF3-78F55E2580E5}"
	ProjectSection(SolutionItems) = preProject
		ico\icon.png = ico\icon.png
		ico\icon_greendot.gif = ico\icon_greendot.gif
		ico\icon_reddot.gif = ico\icon_reddot.gif
		ico\icon_yellowdot.gif = ico\icon_yellowdot.gif
		ico\ValheimRcon.xcf = ico\ValheimRcon.xcf
		ico\ValheimRcon_black.ico = ico\ValheimRcon_black.ico
		ico\ValheimRcon_black.png = ico\ValheimRcon_black.png
		ico\ValheimRcon_color.ico = ico\ValheimRcon_color.ico
		ico\ValheimRcon_color.png = ico\ValheimRcon_color.png
	EndProjectSection
EndProject
Project("{9A19103F-16F7-4668-BE54-9A1E7A4F7556}") = "Digitalroot.Valheim.BetterWisps", "Digitalroot.Valheim.BetterWisps\Digitalroot.Valheim.BetterWisps.csproj", "{47DDEEE5-9D45-4627-A324-5DA2A25FCE26}"
EndProject
Project("{FAE04EC0-301F-11D3-BF4B-00C04F79EFBC}") = "UnitTests", "UnitTests\UnitTests.csproj", "{97B7434B-386F-45AE-B80F-AFEBAF96A171}"
EndProject
Global
	GlobalSection(SolutionConfigurationPlatforms) = preSolution
		Debug|Any CPU = Debug|Any CPU
		DebugNoDeploy|Any CPU = DebugNoDeploy|Any CPU
		Release|Any CPU = Release|Any CPU
	EndGlobalSection
	GlobalSection(ProjectConfigurationPlatforms) = postSolution
		{47DDEEE5-9D45-4627-A324-5DA2A25FCE26}.Debug|Any CPU.ActiveCfg = Debug|Any CPU
		{47DDEEE5-9D45-4627-A324-5DA2A25FCE26}.Debug|Any CPU.Build.0 = Debug|Any CPU
		{47DDEEE5-9D45-4627-A324-5DA2A25FCE26}.DebugNoDeploy|Any CPU.ActiveCfg = DebugNoDeploy|Any CPU
		{47DDEEE5-9D45-4627-A324-5DA2A25FCE26}.DebugNoDeploy|Any CPU.Build.0 = DebugNoDeploy|Any CPU
		{47DDEEE5-9D45-4627-A324-5DA2A25FCE26}.Release|Any CPU.ActiveCfg = Release|Any CPU
		{47DDEEE5-9D45-4627-A324-5DA2A25FCE26}.Release|Any CPU.Build.0 = Release|Any CPU
		{97B7434B-386F-45AE-B80F-AFEBAF96A171}.Debug|Any CPU.ActiveCfg = Debug|Any CPU
		{97B7434B-386F-45AE-B80F-AFEBAF96A171}.Debug|Any CPU.Build.0 = Debug|Any CPU
		{97B7434B-386F-45AE-B80F-AFEBAF96A171}.DebugNoDeploy|Any CPU.ActiveCfg = Debug|Any CPU
		{97B7434B-386F-45AE-B80F-AFEBAF96A171}.DebugNoDeploy|Any CPU.Build.0 = Debug|Any CPU
		{97B7434B-386F-45AE-B80F-AFEBAF96A171}.Release|Any CPU.ActiveCfg = Release|Any CPU
		{97B7434B-386F-45AE-B80F-AFEBAF96A171}.Release|Any CPU.Build.0 = Release|Any CPU
	EndGlobalSection
	GlobalSection(SolutionProperties) = preSolution
		HideSolutionNode = FALSE
	EndGlobalSection
	GlobalSection(NestedProjects) = preSolution
		{E64D67E6-C2B6-471C-990D-2E9A91427B64} = {E5C5D2B9-639B-48CF-B5B0-E44FD7F24B1E}
		{1960DCD1-3C51-48FF-BFF8-5FE4C3CBABB2} = {E64D67E6-C2B6-471C-990D-2E9A91427B64}
		{28344659-BF34-4411-9C48-A3D5C9AFA98E} = {E5C5D2B9-639B-48CF-B5B0-E44FD7F24B1E}
		{C66A8E3B-31DB-4296-9DF3-78F55E2580E5} = {E5C5D2B9-639B-48CF-B5B0-E44FD7F24B1E}
	EndGlobalSection
	GlobalSection(ExtensibilityGlobals) = postSolution
		SolutionGuid = {46DD4389-95C4-4F57-BB16-2A9A816F46B9}
	EndGlobalSection
EndGlobal
